{
  "name": "linvail",
  "version": "6.0.5",
  "lockfileVersion": 1,
  "requires": true,
  "dependencies": {
    "virtual-proxy": {
      "version": "0.0.7",
      "resolved": "https://registry.npmjs.org/virtual-proxy/-/virtual-proxy-0.0.7.tgz",
      "integrity": "sha512-a7kEj1uZ+uawblU0BILDlzMRQNfxYxBzo5xHvqd+41K5sAiwpkJFhpDHGsLrKAu0E0YBpLJksRHKTTAkJxfOHw=="
    }
  }
}
