{
  "name": "linvail",
  "version": "6.0.7",
  "lockfileVersion": 1,
  "requires": true,
  "dependencies": {
    "virtual-proxy": {
      "version": "0.0.8",
      "resolved": "https://registry.npmjs.org/virtual-proxy/-/virtual-proxy-0.0.8.tgz",
      "integrity": "sha512-zr05W+p1VBr0LEBUpOU4Nyt+CllZoCXAm8Qp8oSYm7TA9CPJB1+3uFsoI13yGugOcRJw3ZiDpUV2+MU1xPwMVQ=="
    }
  }
}
