{
  "name": "linvail",
  "version": "6.0.9",
  "lockfileVersion": 1,
  "requires": true,
  "dependencies": {
    "virtual-proxy": {
      "version": "0.0.11",
      "resolved": "https://registry.npmjs.org/virtual-proxy/-/virtual-proxy-0.0.11.tgz",
      "integrity": "sha512-iPfJuEJ+cFJyKhL7KdxI9IreLVm1tXRrsSRqCnK7GrKG9H9vwE8bJpssQCwzLVlWqimTXSUoiLrBllXhOI0acQ=="
    }
  }
}
